// !$*UTF8*$!
{
	archiveVersion = 1;
	classes = {
	};
	objectVersion = 51;
	objects = {

/* Begin PBXBuildFile section */
		7DA519099AFD0F0A663A777A /* Pods_FlightApp.framework in Frameworks */ = {isa = PBXBuildFile; fileRef = 14FE6E08AE9BCD875419BE2A /* Pods_FlightApp.framework */; };
		8170BC04471607F8B0ABEAD1 /* Pods_FlightAppTests.framework in Frameworks */ = {isa = PBXBuildFile; fileRef = 3CA01FFDC8ABACABF52273F6 /* Pods_FlightAppTests.framework */; };
		9D228BD724D57C6D00FF4A28 /* ReportService.swift in Sources */ = {isa = PBXBuildFile; fileRef = 9D228BD624D57C6D00FF4A28 /* ReportService.swift */; };
		9D228BD924D57C7800FF4A28 /* ReportServiceImp.swift in Sources */ = {isa = PBXBuildFile; fileRef = 9D228BD824D57C7800FF4A28 /* ReportServiceImp.swift */; };
		9D228BDC24D5896A00FF4A28 /* Generics.swift in Sources */ = {isa = PBXBuildFile; fileRef = 9D228BDB24D5896A00FF4A28 /* Generics.swift */; };
		9D228BDE24D589B500FF4A28 /* Constants.swift in Sources */ = {isa = PBXBuildFile; fileRef = 9D228BDD24D589B500FF4A28 /* Constants.swift */; };
		9D228BE024D58B8E00FF4A28 /* Extensions.swift in Sources */ = {isa = PBXBuildFile; fileRef = 9D228BDF24D58B8E00FF4A28 /* Extensions.swift */; };
		9D228BE324D58BFD00FF4A28 /* Command.swift in Sources */ = {isa = PBXBuildFile; fileRef = 9D228BE224D58BFD00FF4A28 /* Command.swift */; };
		9D228BE824D595D400FF4A28 /* Command{T}.swift in Sources */ = {isa = PBXBuildFile; fileRef = 9D228BE724D595D400FF4A28 /* Command{T}.swift */; };
		9D228BEC24D5985800FF4A28 /* en.json in Resources */ = {isa = PBXBuildFile; fileRef = 9D228BEB24D5985800FF4A28 /* en.json */; };
		9D228BEE24D5987200FF4A28 /* pt.json in Resources */ = {isa = PBXBuildFile; fileRef = 9D228BED24D5987200FF4A28 /* pt.json */; };
		9D228BF124D59C5600FF4A28 /* L10N.swift in Sources */ = {isa = PBXBuildFile; fileRef = 9D228BF024D59C5600FF4A28 /* L10N.swift */; };
		9D228BF324D59C9400FF4A28 /* Literal.swift in Sources */ = {isa = PBXBuildFile; fileRef = 9D228BF224D59C9400FF4A28 /* Literal.swift */; };
		9D228BF624D59EF400FF4A28 /* Airport.swift in Sources */ = {isa = PBXBuildFile; fileRef = 9D228BF524D59EF400FF4A28 /* Airport.swift */; };
		9D228BF824D5A11C00FF4A28 /* Market.swift in Sources */ = {isa = PBXBuildFile; fileRef = 9D228BF724D5A11C00FF4A28 /* Market.swift */; };
		9D228BFA24D5A12A00FF4A28 /* MarketObject.swift in Sources */ = {isa = PBXBuildFile; fileRef = 9D228BF924D5A12A00FF4A28 /* MarketObject.swift */; };
		9D228C0324D5B03200FF4A28 /* AirportCell.swift in Sources */ = {isa = PBXBuildFile; fileRef = 9D228C0224D5B03200FF4A28 /* AirportCell.swift */; };
		9D45F47C24DCBACA00B47DE5 /* DialogService.swift in Sources */ = {isa = PBXBuildFile; fileRef = 9D45F47B24DCBACA00B47DE5 /* DialogService.swift */; };
		9D45F47E24DCBB9D00B47DE5 /* DialogServiceImp.swift in Sources */ = {isa = PBXBuildFile; fileRef = 9D45F47D24DCBB9D00B47DE5 /* DialogServiceImp.swift */; };
		9D45F48124DCBC2F00B47DE5 /* InfoDialogView.swift in Sources */ = {isa = PBXBuildFile; fileRef = 9D45F48024DCBC2F00B47DE5 /* InfoDialogView.swift */; };
		9D45F48324DCBCBF00B47DE5 /* Animations.swift in Sources */ = {isa = PBXBuildFile; fileRef = 9D45F48224DCBCBF00B47DE5 /* Animations.swift */; };
		9D477E8E24D3521B0063870B /* AppDelegate.swift in Sources */ = {isa = PBXBuildFile; fileRef = 9D477E8D24D3521B0063870B /* AppDelegate.swift */; };
		9D477E9024D3521B0063870B /* SceneDelegate.swift in Sources */ = {isa = PBXBuildFile; fileRef = 9D477E8F24D3521B0063870B /* SceneDelegate.swift */; };
		9D477E9224D3521B0063870B /* ContainerViewController.swift in Sources */ = {isa = PBXBuildFile; fileRef = 9D477E9124D3521B0063870B /* ContainerViewController.swift */; };
		9D477E9A24D3521D0063870B /* Assets.xcassets in Resources */ = {isa = PBXBuildFile; fileRef = 9D477E9924D3521D0063870B /* Assets.xcassets */; };
		9D477E9D24D3521D0063870B /* LaunchScreen.storyboard in Resources */ = {isa = PBXBuildFile; fileRef = 9D477E9B24D3521D0063870B /* LaunchScreen.storyboard */; };
		9D477EA824D3521D0063870B /* FlightAppTests.swift in Sources */ = {isa = PBXBuildFile; fileRef = 9D477EA724D3521D0063870B /* FlightAppTests.swift */; };
		9D477EB324D41EFE0063870B /* AppConfiguration.swift in Sources */ = {isa = PBXBuildFile; fileRef = 9D477EB224D41EFE0063870B /* AppConfiguration.swift */; };
		9D477EB624D4203C0063870B /* CustomUIExtensions.swift in Sources */ = {isa = PBXBuildFile; fileRef = 9D477EB524D4203C0063870B /* CustomUIExtensions.swift */; };
		9D477EB924D424C00063870B /* Core.swift in Sources */ = {isa = PBXBuildFile; fileRef = 9D477EB824D424C00063870B /* Core.swift */; };
		9D477EBD24D4271B0063870B /* DiContainer.swift in Sources */ = {isa = PBXBuildFile; fileRef = 9D477EBC24D4271B0063870B /* DiContainer.swift */; };
		9D477EC024D42D1A0063870B /* NavigationService.swift in Sources */ = {isa = PBXBuildFile; fileRef = 9D477EBF24D42D1A0063870B /* NavigationService.swift */; };
		9D477EC424D42DD40063870B /* NavigationServiceImp.swift in Sources */ = {isa = PBXBuildFile; fileRef = 9D477EC324D42DD40063870B /* NavigationServiceImp.swift */; };
		9D477EC924D430310063870B /* ViewModelBase.swift in Sources */ = {isa = PBXBuildFile; fileRef = 9D477EC824D430310063870B /* ViewModelBase.swift */; };
		9D477ECB24D430630063870B /* ViewModel.swift in Sources */ = {isa = PBXBuildFile; fileRef = 9D477ECA24D430630063870B /* ViewModel.swift */; };
		9D477ECE24D4310F0063870B /* DynamicValue.swift in Sources */ = {isa = PBXBuildFile; fileRef = 9D477ECD24D4310F0063870B /* DynamicValue.swift */; };
		9D477ED024D4352F0063870B /* MainViewModel.swift in Sources */ = {isa = PBXBuildFile; fileRef = 9D477ECF24D4352F0063870B /* MainViewModel.swift */; };
		9D477ED424D436B20063870B /* BaseViewController.swift in Sources */ = {isa = PBXBuildFile; fileRef = 9D477ED324D436B20063870B /* BaseViewController.swift */; };
		9D477ED624D439930063870B /* MainViewController.swift in Sources */ = {isa = PBXBuildFile; fileRef = 9D477ED524D439930063870B /* MainViewController.swift */; };
		9D477ED824D4420B0063870B /* AvailableFlightsViewController.swift in Sources */ = {isa = PBXBuildFile; fileRef = 9D477ED724D4420B0063870B /* AvailableFlightsViewController.swift */; };
		9D477EDA24D442310063870B /* AvailableFlightsViewModel.swift in Sources */ = {isa = PBXBuildFile; fileRef = 9D477ED924D442310063870B /* AvailableFlightsViewModel.swift */; };
		9D477EDC24D468D40063870B /* Utils.swift in Sources */ = {isa = PBXBuildFile; fileRef = 9D477EDB24D468D40063870B /* Utils.swift */; };
		9D477EE324D487E00063870B /* AirportsViewController.swift in Sources */ = {isa = PBXBuildFile; fileRef = 9D477EE224D487E00063870B /* AirportsViewController.swift */; };
		9D477EE524D488030063870B /* FindFlightsViewController.swift in Sources */ = {isa = PBXBuildFile; fileRef = 9D477EE424D488030063870B /* FindFlightsViewController.swift */; };
		9D477EE724D488500063870B /* FindFlightsViewModel.swift in Sources */ = {isa = PBXBuildFile; fileRef = 9D477EE624D488500063870B /* FindFlightsViewModel.swift */; };
		9D477EE924D488610063870B /* AirportsViewModel.swift in Sources */ = {isa = PBXBuildFile; fileRef = 9D477EE824D488610063870B /* AirportsViewModel.swift */; };
		9D477EEB24D48C170063870B /* BaseTabBarController.swift in Sources */ = {isa = PBXBuildFile; fileRef = 9D477EEA24D48C170063870B /* BaseTabBarController.swift */; };
		9D477EEE24D4C9F30063870B /* AirportListViewController.swift in Sources */ = {isa = PBXBuildFile; fileRef = 9D477EED24D4C9F30063870B /* AirportListViewController.swift */; };
		9D477EF024D4CA2A0063870B /* AirportListViewModel.swift in Sources */ = {isa = PBXBuildFile; fileRef = 9D477EEF24D4CA2A0063870B /* AirportListViewModel.swift */; };
		9D477EF424D4D6FD0063870B /* DatePickerModalView.swift in Sources */ = {isa = PBXBuildFile; fileRef = 9D477EF324D4D6FD0063870B /* DatePickerModalView.swift */; };
		9D477EF624D4E0F80063870B /* PassengersModalView.swift in Sources */ = {isa = PBXBuildFile; fileRef = 9D477EF524D4E0F80063870B /* PassengersModalView.swift */; };
		9D477EF824D4E3300063870B /* WebService.swift in Sources */ = {isa = PBXBuildFile; fileRef = 9D477EF724D4E3300063870B /* WebService.swift */; };
		9D477EFB24D4E4080063870B /* AirportWebService.swift in Sources */ = {isa = PBXBuildFile; fileRef = 9D477EFA24D4E4080063870B /* AirportWebService.swift */; };
		9D477F0124D4E5100063870B /* AirportObject.swift in Sources */ = {isa = PBXBuildFile; fileRef = 9D477F0024D4E5100063870B /* AirportObject.swift */; };
		9D477F0424D4E8A80063870B /* AirportWebServiceImp.swift in Sources */ = {isa = PBXBuildFile; fileRef = 9D477F0324D4E8A80063870B /* AirportWebServiceImp.swift */; };
		9D477F0624D4EB440063870B /* WebServiceImp.swift in Sources */ = {isa = PBXBuildFile; fileRef = 9D477F0524D4EB440063870B /* WebServiceImp.swift */; };
		9D477F0A24D50BBD0063870B /* Enums.swift in Sources */ = {isa = PBXBuildFile; fileRef = 9D477F0924D50BBD0063870B /* Enums.swift */; };
		9D477F0C24D50C2E0063870B /* AppData.swift in Sources */ = {isa = PBXBuildFile; fileRef = 9D477F0B24D50C2E0063870B /* AppData.swift */; };
		9D4CF6CE24D8856A00BB0F01 /* FormBaseViewController.swift in Sources */ = {isa = PBXBuildFile; fileRef = 9D4CF6CD24D8856A00BB0F01 /* FormBaseViewController.swift */; };
		9D4CF6D124D9EDC500BB0F01 /* AirportSearchObject.swift in Sources */ = {isa = PBXBuildFile; fileRef = 9D4CF6D024D9EDC500BB0F01 /* AirportSearchObject.swift */; };
		9D5E2A5B24D9F1E600CEC5CF /* FindFlightsObject.swift in Sources */ = {isa = PBXBuildFile; fileRef = 9D5E2A5A24D9F1E600CEC5CF /* FindFlightsObject.swift */; };
		9D5E2A5D24D9F28F00CEC5CF /* PassengersObject.swift in Sources */ = {isa = PBXBuildFile; fileRef = 9D5E2A5C24D9F28F00CEC5CF /* PassengersObject.swift */; };
		9D5E2A5F24D9F41600CEC5CF /* FindFlight.swift in Sources */ = {isa = PBXBuildFile; fileRef = 9D5E2A5E24D9F41600CEC5CF /* FindFlight.swift */; };
		9D5E2A6524DA255800CEC5CF /* AirportListCell.swift in Sources */ = {isa = PBXBuildFile; fileRef = 9D5E2A6424DA255800CEC5CF /* AirportListCell.swift */; };
		9D5E2A6724DA273E00CEC5CF /* AirportListDataSource.swift in Sources */ = {isa = PBXBuildFile; fileRef = 9D5E2A6624DA273E00CEC5CF /* AirportListDataSource.swift */; };
		9D6B0C9B24D6E24500127669 /* AirportDataSource.swift in Sources */ = {isa = PBXBuildFile; fileRef = 9D6B0C9A24D6E24500127669 /* AirportDataSource.swift */; };
		9D86447B24DC1E6000D7D307 /* AvailableFlightsCell.swift in Sources */ = {isa = PBXBuildFile; fileRef = 9D86447A24DC1E6000D7D307 /* AvailableFlightsCell.swift */; };
		9D86447D24DC1E7100D7D307 /* AvailableFlightsDataSource.swift in Sources */ = {isa = PBXBuildFile; fileRef = 9D86447C24DC1E7100D7D307 /* AvailableFlightsDataSource.swift */; };
		9DC0DE2324D5D8DA00BFBA55 /* CustomViews.swift in Sources */ = {isa = PBXBuildFile; fileRef = 9DC0DE2224D5D8DA00BFBA55 /* CustomViews.swift */; };
		9DC2B8B624DC338700A2EC8E /* Flights.swift in Sources */ = {isa = PBXBuildFile; fileRef = 9DC2B8B524DC338700A2EC8E /* Flights.swift */; };
		9DC2B8B824DC383600A2EC8E /* FlightDetail.swift in Sources */ = {isa = PBXBuildFile; fileRef = 9DC2B8B724DC383600A2EC8E /* FlightDetail.swift */; };
		9DDBF0B424DC0BC400CA6E8E /* FindFlightsWebService.swift in Sources */ = {isa = PBXBuildFile; fileRef = 9DDBF0B324DC0BC400CA6E8E /* FindFlightsWebService.swift */; };
		9DDBF0B624DC0EC300CA6E8E /* FlightsObject.swift in Sources */ = {isa = PBXBuildFile; fileRef = 9DDBF0B524DC0EC300CA6E8E /* FlightsObject.swift */; };
		9DDBF0B824DC117F00CA6E8E /* FindFlightsWebServiceImp.swift in Sources */ = {isa = PBXBuildFile; fileRef = 9DDBF0B724DC117F00CA6E8E /* FindFlightsWebServiceImp.swift */; };
/* End PBXBuildFile section */

/* Begin PBXContainerItemProxy section */
		9D477EA424D3521D0063870B /* PBXContainerItemProxy */ = {
			isa = PBXContainerItemProxy;
			containerPortal = 9D477E8224D3521B0063870B /* Project object */;
			proxyType = 1;
			remoteGlobalIDString = 9D477E8924D3521B0063870B;
			remoteInfo = FlightApp;
		};
/* End PBXContainerItemProxy section */

/* Begin PBXFileReference section */
		14FE6E08AE9BCD875419BE2A /* Pods_FlightApp.framework */ = {isa = PBXFileReference; explicitFileType = wrapper.framework; includeInIndex = 0; path = Pods_FlightApp.framework; sourceTree = BUILT_PRODUCTS_DIR; };
		3CA01FFDC8ABACABF52273F6 /* Pods_FlightAppTests.framework */ = {isa = PBXFileReference; explicitFileType = wrapper.framework; includeInIndex = 0; path = Pods_FlightAppTests.framework; sourceTree = BUILT_PRODUCTS_DIR; };
		4C355197E3D665747D739C62 /* Pods-FlightApp.release.xcconfig */ = {isa = PBXFileReference; includeInIndex = 1; lastKnownFileType = text.xcconfig; name = "Pods-FlightApp.release.xcconfig"; path = "Target Support Files/Pods-FlightApp/Pods-FlightApp.release.xcconfig"; sourceTree = "<group>"; };
		7363590CD8D0CA3A918EBB60 /* Pods-FlightAppTests.release.xcconfig */ = {isa = PBXFileReference; includeInIndex = 1; lastKnownFileType = text.xcconfig; name = "Pods-FlightAppTests.release.xcconfig"; path = "Target Support Files/Pods-FlightAppTests/Pods-FlightAppTests.release.xcconfig"; sourceTree = "<group>"; };
		797F640678A756993E245A4D /* Pods-FlightApp.debug.xcconfig */ = {isa = PBXFileReference; includeInIndex = 1; lastKnownFileType = text.xcconfig; name = "Pods-FlightApp.debug.xcconfig"; path = "Target Support Files/Pods-FlightApp/Pods-FlightApp.debug.xcconfig"; sourceTree = "<group>"; };
		9D228BD624D57C6D00FF4A28 /* ReportService.swift */ = {isa = PBXFileReference; lastKnownFileType = sourcecode.swift; path = ReportService.swift; sourceTree = "<group>"; };
		9D228BD824D57C7800FF4A28 /* ReportServiceImp.swift */ = {isa = PBXFileReference; lastKnownFileType = sourcecode.swift; path = ReportServiceImp.swift; sourceTree = "<group>"; };
		9D228BDB24D5896A00FF4A28 /* Generics.swift */ = {isa = PBXFileReference; lastKnownFileType = sourcecode.swift; path = Generics.swift; sourceTree = "<group>"; };
		9D228BDD24D589B500FF4A28 /* Constants.swift */ = {isa = PBXFileReference; lastKnownFileType = sourcecode.swift; path = Constants.swift; sourceTree = "<group>"; };
		9D228BDF24D58B8E00FF4A28 /* Extensions.swift */ = {isa = PBXFileReference; lastKnownFileType = sourcecode.swift; path = Extensions.swift; sourceTree = "<group>"; };
		9D228BE224D58BFD00FF4A28 /* Command.swift */ = {isa = PBXFileReference; lastKnownFileType = sourcecode.swift; path = Command.swift; sourceTree = "<group>"; };
		9D228BE724D595D400FF4A28 /* Command{T}.swift */ = {isa = PBXFileReference; lastKnownFileType = sourcecode.swift; path = "Command{T}.swift"; sourceTree = "<group>"; };
		9D228BEB24D5985800FF4A28 /* en.json */ = {isa = PBXFileReference; lastKnownFileType = text.json; path = en.json; sourceTree = "<group>"; };
		9D228BED24D5987200FF4A28 /* pt.json */ = {isa = PBXFileReference; lastKnownFileType = text.json; path = pt.json; sourceTree = "<group>"; };
		9D228BF024D59C5600FF4A28 /* L10N.swift */ = {isa = PBXFileReference; lastKnownFileType = sourcecode.swift; path = L10N.swift; sourceTree = "<group>"; };
		9D228BF224D59C9400FF4A28 /* Literal.swift */ = {isa = PBXFileReference; lastKnownFileType = sourcecode.swift; path = Literal.swift; sourceTree = "<group>"; };
		9D228BF524D59EF400FF4A28 /* Airport.swift */ = {isa = PBXFileReference; lastKnownFileType = sourcecode.swift; path = Airport.swift; sourceTree = "<group>"; };
		9D228BF724D5A11C00FF4A28 /* Market.swift */ = {isa = PBXFileReference; lastKnownFileType = sourcecode.swift; path = Market.swift; sourceTree = "<group>"; };
		9D228BF924D5A12A00FF4A28 /* MarketObject.swift */ = {isa = PBXFileReference; lastKnownFileType = sourcecode.swift; path = MarketObject.swift; sourceTree = "<group>"; };
		9D228C0224D5B03200FF4A28 /* AirportCell.swift */ = {isa = PBXFileReference; lastKnownFileType = sourcecode.swift; path = AirportCell.swift; sourceTree = "<group>"; };
		9D45F47B24DCBACA00B47DE5 /* DialogService.swift */ = {isa = PBXFileReference; lastKnownFileType = sourcecode.swift; path = DialogService.swift; sourceTree = "<group>"; };
		9D45F47D24DCBB9D00B47DE5 /* DialogServiceImp.swift */ = {isa = PBXFileReference; lastKnownFileType = sourcecode.swift; path = DialogServiceImp.swift; sourceTree = "<group>"; };
		9D45F48024DCBC2F00B47DE5 /* InfoDialogView.swift */ = {isa = PBXFileReference; lastKnownFileType = sourcecode.swift; path = InfoDialogView.swift; sourceTree = "<group>"; };
		9D45F48224DCBCBF00B47DE5 /* Animations.swift */ = {isa = PBXFileReference; lastKnownFileType = sourcecode.swift; path = Animations.swift; sourceTree = "<group>"; };
		9D477E8A24D3521B0063870B /* FlightApp.app */ = {isa = PBXFileReference; explicitFileType = wrapper.application; includeInIndex = 0; path = FlightApp.app; sourceTree = BUILT_PRODUCTS_DIR; };
		9D477E8D24D3521B0063870B /* AppDelegate.swift */ = {isa = PBXFileReference; lastKnownFileType = sourcecode.swift; path = AppDelegate.swift; sourceTree = "<group>"; };
		9D477E8F24D3521B0063870B /* SceneDelegate.swift */ = {isa = PBXFileReference; lastKnownFileType = sourcecode.swift; path = SceneDelegate.swift; sourceTree = "<group>"; };
		9D477E9124D3521B0063870B /* ContainerViewController.swift */ = {isa = PBXFileReference; lastKnownFileType = sourcecode.swift; path = ContainerViewController.swift; sourceTree = "<group>"; };
		9D477E9924D3521D0063870B /* Assets.xcassets */ = {isa = PBXFileReference; lastKnownFileType = folder.assetcatalog; path = Assets.xcassets; sourceTree = "<group>"; };
		9D477E9C24D3521D0063870B /* Base */ = {isa = PBXFileReference; lastKnownFileType = file.storyboard; name = Base; path = Base.lproj/LaunchScreen.storyboard; sourceTree = "<group>"; };
		9D477E9E24D3521D0063870B /* Info.plist */ = {isa = PBXFileReference; lastKnownFileType = text.plist.xml; path = Info.plist; sourceTree = "<group>"; };
		9D477EA324D3521D0063870B /* FlightAppTests.xctest */ = {isa = PBXFileReference; explicitFileType = wrapper.cfbundle; includeInIndex = 0; path = FlightAppTests.xctest; sourceTree = BUILT_PRODUCTS_DIR; };
		9D477EA724D3521D0063870B /* FlightAppTests.swift */ = {isa = PBXFileReference; lastKnownFileType = sourcecode.swift; path = FlightAppTests.swift; sourceTree = "<group>"; };
		9D477EA924D3521D0063870B /* Info.plist */ = {isa = PBXFileReference; lastKnownFileType = text.plist.xml; path = Info.plist; sourceTree = "<group>"; };
		9D477EB224D41EFE0063870B /* AppConfiguration.swift */ = {isa = PBXFileReference; lastKnownFileType = sourcecode.swift; path = AppConfiguration.swift; sourceTree = "<group>"; };
		9D477EB524D4203C0063870B /* CustomUIExtensions.swift */ = {isa = PBXFileReference; lastKnownFileType = sourcecode.swift; path = CustomUIExtensions.swift; sourceTree = "<group>"; };
		9D477EB824D424C00063870B /* Core.swift */ = {isa = PBXFileReference; lastKnownFileType = sourcecode.swift; path = Core.swift; sourceTree = "<group>"; };
		9D477EBC24D4271B0063870B /* DiContainer.swift */ = {isa = PBXFileReference; lastKnownFileType = sourcecode.swift; path = DiContainer.swift; sourceTree = "<group>"; };
		9D477EBF24D42D1A0063870B /* NavigationService.swift */ = {isa = PBXFileReference; lastKnownFileType = sourcecode.swift; path = NavigationService.swift; sourceTree = "<group>"; };
		9D477EC324D42DD40063870B /* NavigationServiceImp.swift */ = {isa = PBXFileReference; lastKnownFileType = sourcecode.swift; path = NavigationServiceImp.swift; sourceTree = "<group>"; };
		9D477EC824D430310063870B /* ViewModelBase.swift */ = {isa = PBXFileReference; lastKnownFileType = sourcecode.swift; path = ViewModelBase.swift; sourceTree = "<group>"; };
		9D477ECA24D430630063870B /* ViewModel.swift */ = {isa = PBXFileReference; lastKnownFileType = sourcecode.swift; path = ViewModel.swift; sourceTree = "<group>"; };
		9D477ECD24D4310F0063870B /* DynamicValue.swift */ = {isa = PBXFileReference; lastKnownFileType = sourcecode.swift; path = DynamicValue.swift; sourceTree = "<group>"; };
		9D477ECF24D4352F0063870B /* MainViewModel.swift */ = {isa = PBXFileReference; lastKnownFileType = sourcecode.swift; path = MainViewModel.swift; sourceTree = "<group>"; };
		9D477ED324D436B20063870B /* BaseViewController.swift */ = {isa = PBXFileReference; lastKnownFileType = sourcecode.swift; path = BaseViewController.swift; sourceTree = "<group>"; };
		9D477ED524D439930063870B /* MainViewController.swift */ = {isa = PBXFileReference; lastKnownFileType = sourcecode.swift; path = MainViewController.swift; sourceTree = "<group>"; };
		9D477ED724D4420B0063870B /* AvailableFlightsViewController.swift */ = {isa = PBXFileReference; lastKnownFileType = sourcecode.swift; path = AvailableFlightsViewController.swift; sourceTree = "<group>"; };
		9D477ED924D442310063870B /* AvailableFlightsViewModel.swift */ = {isa = PBXFileReference; lastKnownFileType = sourcecode.swift; path = AvailableFlightsViewModel.swift; sourceTree = "<group>"; };
		9D477EDB24D468D40063870B /* Utils.swift */ = {isa = PBXFileReference; lastKnownFileType = sourcecode.swift; path = Utils.swift; sourceTree = "<group>"; };
		9D477EE224D487E00063870B /* AirportsViewController.swift */ = {isa = PBXFileReference; lastKnownFileType = sourcecode.swift; path = AirportsViewController.swift; sourceTree = "<group>"; };
		9D477EE424D488030063870B /* FindFlightsViewController.swift */ = {isa = PBXFileReference; lastKnownFileType = sourcecode.swift; path = FindFlightsViewController.swift; sourceTree = "<group>"; };
		9D477EE624D488500063870B /* FindFlightsViewModel.swift */ = {isa = PBXFileReference; lastKnownFileType = sourcecode.swift; path = FindFlightsViewModel.swift; sourceTree = "<group>"; };
		9D477EE824D488610063870B /* AirportsViewModel.swift */ = {isa = PBXFileReference; lastKnownFileType = sourcecode.swift; path = AirportsViewModel.swift; sourceTree = "<group>"; };
		9D477EEA24D48C170063870B /* BaseTabBarController.swift */ = {isa = PBXFileReference; lastKnownFileType = sourcecode.swift; path = BaseTabBarController.swift; sourceTree = "<group>"; };
		9D477EED24D4C9F30063870B /* AirportListViewController.swift */ = {isa = PBXFileReference; lastKnownFileType = sourcecode.swift; path = AirportListViewController.swift; sourceTree = "<group>"; };
		9D477EEF24D4CA2A0063870B /* AirportListViewModel.swift */ = {isa = PBXFileReference; lastKnownFileType = sourcecode.swift; path = AirportListViewModel.swift; sourceTree = "<group>"; };
		9D477EF324D4D6FD0063870B /* DatePickerModalView.swift */ = {isa = PBXFileReference; lastKnownFileType = sourcecode.swift; path = DatePickerModalView.swift; sourceTree = "<group>"; };
		9D477EF524D4E0F80063870B /* PassengersModalView.swift */ = {isa = PBXFileReference; lastKnownFileType = sourcecode.swift; path = PassengersModalView.swift; sourceTree = "<group>"; };
		9D477EF724D4E3300063870B /* WebService.swift */ = {isa = PBXFileReference; lastKnownFileType = sourcecode.swift; path = WebService.swift; sourceTree = "<group>"; };
		9D477EFA24D4E4080063870B /* AirportWebService.swift */ = {isa = PBXFileReference; lastKnownFileType = sourcecode.swift; path = AirportWebService.swift; sourceTree = "<group>"; };
		9D477F0024D4E5100063870B /* AirportObject.swift */ = {isa = PBXFileReference; lastKnownFileType = sourcecode.swift; path = AirportObject.swift; sourceTree = "<group>"; };
		9D477F0324D4E8A80063870B /* AirportWebServiceImp.swift */ = {isa = PBXFileReference; lastKnownFileType = sourcecode.swift; path = AirportWebServiceImp.swift; sourceTree = "<group>"; };
		9D477F0524D4EB440063870B /* WebServiceImp.swift */ = {isa = PBXFileReference; lastKnownFileType = sourcecode.swift; path = WebServiceImp.swift; sourceTree = "<group>"; };
		9D477F0924D50BBD0063870B /* Enums.swift */ = {isa = PBXFileReference; lastKnownFileType = sourcecode.swift; path = Enums.swift; sourceTree = "<group>"; };
		9D477F0B24D50C2E0063870B /* AppData.swift */ = {isa = PBXFileReference; lastKnownFileType = sourcecode.swift; path = AppData.swift; sourceTree = "<group>"; };
		9D4CF6CD24D8856A00BB0F01 /* FormBaseViewController.swift */ = {isa = PBXFileReference; lastKnownFileType = sourcecode.swift; path = FormBaseViewController.swift; sourceTree = "<group>"; };
		9D4CF6D024D9EDC500BB0F01 /* AirportSearchObject.swift */ = {isa = PBXFileReference; lastKnownFileType = sourcecode.swift; path = AirportSearchObject.swift; sourceTree = "<group>"; };
		9D5E2A5A24D9F1E600CEC5CF /* FindFlightsObject.swift */ = {isa = PBXFileReference; lastKnownFileType = sourcecode.swift; path = FindFlightsObject.swift; sourceTree = "<group>"; };
		9D5E2A5C24D9F28F00CEC5CF /* PassengersObject.swift */ = {isa = PBXFileReference; lastKnownFileType = sourcecode.swift; path = PassengersObject.swift; sourceTree = "<group>"; };
		9D5E2A5E24D9F41600CEC5CF /* FindFlight.swift */ = {isa = PBXFileReference; lastKnownFileType = sourcecode.swift; path = FindFlight.swift; sourceTree = "<group>"; };
		9D5E2A6424DA255800CEC5CF /* AirportListCell.swift */ = {isa = PBXFileReference; lastKnownFileType = sourcecode.swift; path = AirportListCell.swift; sourceTree = "<group>"; };
		9D5E2A6624DA273E00CEC5CF /* AirportListDataSource.swift */ = {isa = PBXFileReference; lastKnownFileType = sourcecode.swift; path = AirportListDataSource.swift; sourceTree = "<group>"; };
		9D6B0C9A24D6E24500127669 /* AirportDataSource.swift */ = {isa = PBXFileReference; lastKnownFileType = sourcecode.swift; path = AirportDataSource.swift; sourceTree = "<group>"; };
		9D86447A24DC1E6000D7D307 /* AvailableFlightsCell.swift */ = {isa = PBXFileReference; lastKnownFileType = sourcecode.swift; path = AvailableFlightsCell.swift; sourceTree = "<group>"; };
		9D86447C24DC1E7100D7D307 /* AvailableFlightsDataSource.swift */ = {isa = PBXFileReference; lastKnownFileType = sourcecode.swift; path = AvailableFlightsDataSource.swift; sourceTree = "<group>"; };
		9DC0DE2224D5D8DA00BFBA55 /* CustomViews.swift */ = {isa = PBXFileReference; lastKnownFileType = sourcecode.swift; path = CustomViews.swift; sourceTree = "<group>"; };
		9DC2B8B524DC338700A2EC8E /* Flights.swift */ = {isa = PBXFileReference; lastKnownFileType = sourcecode.swift; path = Flights.swift; sourceTree = "<group>"; };
		9DC2B8B724DC383600A2EC8E /* FlightDetail.swift */ = {isa = PBXFileReference; lastKnownFileType = sourcecode.swift; path = FlightDetail.swift; sourceTree = "<group>"; };
		9DDBF0B324DC0BC400CA6E8E /* FindFlightsWebService.swift */ = {isa = PBXFileReference; lastKnownFileType = sourcecode.swift; path = FindFlightsWebService.swift; sourceTree = "<group>"; };
		9DDBF0B524DC0EC300CA6E8E /* FlightsObject.swift */ = {isa = PBXFileReference; lastKnownFileType = sourcecode.swift; path = FlightsObject.swift; sourceTree = "<group>"; };
		9DDBF0B724DC117F00CA6E8E /* FindFlightsWebServiceImp.swift */ = {isa = PBXFileReference; lastKnownFileType = sourcecode.swift; path = FindFlightsWebServiceImp.swift; sourceTree = "<group>"; };
		E6F07099BD79910953DD1988 /* Pods-FlightAppTests.debug.xcconfig */ = {isa = PBXFileReference; includeInIndex = 1; lastKnownFileType = text.xcconfig; name = "Pods-FlightAppTests.debug.xcconfig"; path = "Target Support Files/Pods-FlightAppTests/Pods-FlightAppTests.debug.xcconfig"; sourceTree = "<group>"; };
/* End PBXFileReference section */

/* Begin PBXFrameworksBuildPhase section */
		9D477E8724D3521B0063870B /* Frameworks */ = {
			isa = PBXFrameworksBuildPhase;
			buildActionMask = 2147483647;
			files = (
				7DA519099AFD0F0A663A777A /* Pods_FlightApp.framework in Frameworks */,
			);
			runOnlyForDeploymentPostprocessing = 0;
		};
		9D477EA024D3521D0063870B /* Frameworks */ = {
			isa = PBXFrameworksBuildPhase;
			buildActionMask = 2147483647;
			files = (
				8170BC04471607F8B0ABEAD1 /* Pods_FlightAppTests.framework in Frameworks */,
			);
			runOnlyForDeploymentPostprocessing = 0;
		};
/* End PBXFrameworksBuildPhase section */

/* Begin PBXGroup section */
		0B34BCD8025E6695873EA2A9 /* Pods */ = {
			isa = PBXGroup;
			children = (
				797F640678A756993E245A4D /* Pods-FlightApp.debug.xcconfig */,
				4C355197E3D665747D739C62 /* Pods-FlightApp.release.xcconfig */,
				E6F07099BD79910953DD1988 /* Pods-FlightAppTests.debug.xcconfig */,
				7363590CD8D0CA3A918EBB60 /* Pods-FlightAppTests.release.xcconfig */,
			);
			path = Pods;
			sourceTree = "<group>";
		};
		9D228BE124D58BEE00FF4A28 /* Command */ = {
			isa = PBXGroup;
			children = (
				9D228BE224D58BFD00FF4A28 /* Command.swift */,
				9D228BE724D595D400FF4A28 /* Command{T}.swift */,
			);
			path = Command;
			sourceTree = "<group>";
		};
		9D228BE924D5983600FF4A28 /* Resources */ = {
			isa = PBXGroup;
			children = (
				9D228BEA24D5984200FF4A28 /* Localizations */,
			);
			path = Resources;
			sourceTree = "<group>";
		};
		9D228BEA24D5984200FF4A28 /* Localizations */ = {
			isa = PBXGroup;
			children = (
				9D228BEB24D5985800FF4A28 /* en.json */,
				9D228BED24D5987200FF4A28 /* pt.json */,
			);
			path = Localizations;
			sourceTree = "<group>";
		};
		9D228BEF24D59C4200FF4A28 /* Localization */ = {
			isa = PBXGroup;
			children = (
				9D228BF024D59C5600FF4A28 /* L10N.swift */,
				9D228BF224D59C9400FF4A28 /* Literal.swift */,
			);
			path = Localization;
			sourceTree = "<group>";
		};
		9D228BF424D59EDA00FF4A28 /* DataStructures */ = {
			isa = PBXGroup;
			children = (
				9D228BF524D59EF400FF4A28 /* Airport.swift */,
				9D228BF724D5A11C00FF4A28 /* Market.swift */,
				9D5E2A5E24D9F41600CEC5CF /* FindFlight.swift */,
				9DC2B8B524DC338700A2EC8E /* Flights.swift */,
				9DC2B8B724DC383600A2EC8E /* FlightDetail.swift */,
			);
			path = DataStructures;
			sourceTree = "<group>";
		};
		9D228C0124D5B01F00FF4A28 /* Cells */ = {
			isa = PBXGroup;
			children = (
				9D228C0224D5B03200FF4A28 /* AirportCell.swift */,
			);
			path = Cells;
			sourceTree = "<group>";
		};
		9D45F47F24DCBC1C00B47DE5 /* Dialogs */ = {
			isa = PBXGroup;
			children = (
				9D45F48024DCBC2F00B47DE5 /* InfoDialogView.swift */,
			);
			path = Dialogs;
			sourceTree = "<group>";
		};
		9D477E8124D3521B0063870B = {
			isa = PBXGroup;
			children = (
				9D477E8C24D3521B0063870B /* FlightApp */,
				9D477EA624D3521D0063870B /* FlightAppTests */,
				9D477E8B24D3521B0063870B /* Products */,
				0B34BCD8025E6695873EA2A9 /* Pods */,
				BFBA4E1F804BCB8162A72607 /* Frameworks */,
			);
			sourceTree = "<group>";
		};
		9D477E8B24D3521B0063870B /* Products */ = {
			isa = PBXGroup;
			children = (
				9D477E8A24D3521B0063870B /* FlightApp.app */,
				9D477EA324D3521D0063870B /* FlightAppTests.xctest */,
			);
			name = Products;
			sourceTree = "<group>";
		};
		9D477E8C24D3521B0063870B /* FlightApp */ = {
			isa = PBXGroup;
			children = (
				9D477E9E24D3521D0063870B /* Info.plist */,
				9D477F0B24D50C2E0063870B /* AppData.swift */,
				9D477F0D24D519910063870B /* AppSetup */,
				9D228BE924D5983600FF4A28 /* Resources */,
				9D477F0E24D519C90063870B /* Assets */,
				9D477EB424D420280063870B /* Helpers */,
				9D477EF124D4D6940063870B /* CustomViews */,
				9D477EB724D424AF0063870B /* Core */,
				9D477ED124D4369B0063870B /* Views */,
			);
			path = FlightApp;
			sourceTree = "<group>";
		};
		9D477EA624D3521D0063870B /* FlightAppTests */ = {
			isa = PBXGroup;
			children = (
				9D477EA724D3521D0063870B /* FlightAppTests.swift */,
				9D477EA924D3521D0063870B /* Info.plist */,
			);
			path = FlightAppTests;
			sourceTree = "<group>";
		};
		9D477EB424D420280063870B /* Helpers */ = {
			isa = PBXGroup;
			children = (
				9D477EB524D4203C0063870B /* CustomUIExtensions.swift */,
				9D477EDB24D468D40063870B /* Utils.swift */,
				9D477F0924D50BBD0063870B /* Enums.swift */,
				9D228BDB24D5896A00FF4A28 /* Generics.swift */,
				9D228BDD24D589B500FF4A28 /* Constants.swift */,
				9D228BDF24D58B8E00FF4A28 /* Extensions.swift */,
				9D45F48224DCBCBF00B47DE5 /* Animations.swift */,
			);
			path = Helpers;
			sourceTree = "<group>";
		};
		9D477EB724D424AF0063870B /* Core */ = {
			isa = PBXGroup;
			children = (
				9D477EFE24D4E4EA0063870B /* Models */,
				9D477EC524D42FE00063870B /* ViewModels */,
				9D477EC124D42D7E0063870B /* Services */,
				9D477EBA24D426F00063870B /* Tools */,
				9D477EB824D424C00063870B /* Core.swift */,
			);
			path = Core;
			sourceTree = "<group>";
		};
		9D477EBA24D426F00063870B /* Tools */ = {
			isa = PBXGroup;
			children = (
				9D228BEF24D59C4200FF4A28 /* Localization */,
				9D228BE124D58BEE00FF4A28 /* Command */,
				9D477ECC24D430E80063870B /* Observer */,
				9D477EBB24D427020063870B /* DependencyInjection */,
			);
			path = Tools;
			sourceTree = "<group>";
		};
		9D477EBB24D427020063870B /* DependencyInjection */ = {
			isa = PBXGroup;
			children = (
				9D477EBC24D4271B0063870B /* DiContainer.swift */,
			);
			path = DependencyInjection;
			sourceTree = "<group>";
		};
		9D477EBE24D42CDB0063870B /* Protocols */ = {
			isa = PBXGroup;
			children = (
				9D477EF924D4E3B30063870B /* WebServices */,
				9D477EBF24D42D1A0063870B /* NavigationService.swift */,
				9D477EF724D4E3300063870B /* WebService.swift */,
				9D228BD624D57C6D00FF4A28 /* ReportService.swift */,
				9D45F47B24DCBACA00B47DE5 /* DialogService.swift */,
			);
			path = Protocols;
			sourceTree = "<group>";
		};
		9D477EC124D42D7E0063870B /* Services */ = {
			isa = PBXGroup;
			children = (
				9D477EBE24D42CDB0063870B /* Protocols */,
				9D477EC224D42D9C0063870B /* Implementations */,
			);
			path = Services;
			sourceTree = "<group>";
		};
		9D477EC224D42D9C0063870B /* Implementations */ = {
			isa = PBXGroup;
			children = (
				9D477F0224D4E8750063870B /* WebServices */,
				9D477EC324D42DD40063870B /* NavigationServiceImp.swift */,
				9D477F0524D4EB440063870B /* WebServiceImp.swift */,
				9D228BD824D57C7800FF4A28 /* ReportServiceImp.swift */,
				9D45F47D24DCBB9D00B47DE5 /* DialogServiceImp.swift */,
			);
			path = Implementations;
			sourceTree = "<group>";
		};
		9D477EC524D42FE00063870B /* ViewModels */ = {
			isa = PBXGroup;
			children = (
				9D477EC624D42FFF0063870B /* Protocols */,
				9D477EC724D4300F0063870B /* Implementations */,
			);
			path = ViewModels;
			sourceTree = "<group>";
		};
		9D477EC624D42FFF0063870B /* Protocols */ = {
			isa = PBXGroup;
			children = (
				9D477ECA24D430630063870B /* ViewModel.swift */,
				9D477EC824D430310063870B /* ViewModelBase.swift */,
			);
			path = Protocols;
			sourceTree = "<group>";
		};
		9D477EC724D4300F0063870B /* Implementations */ = {
			isa = PBXGroup;
			children = (
				9D477ECF24D4352F0063870B /* MainViewModel.swift */,
				9D477EE824D488610063870B /* AirportsViewModel.swift */,
				9D477EE624D488500063870B /* FindFlightsViewModel.swift */,
				9D477ED924D442310063870B /* AvailableFlightsViewModel.swift */,
				9D477EEF24D4CA2A0063870B /* AirportListViewModel.swift */,
			);
			path = Implementations;
			sourceTree = "<group>";
		};
		9D477ECC24D430E80063870B /* Observer */ = {
			isa = PBXGroup;
			children = (
				9D477ECD24D4310F0063870B /* DynamicValue.swift */,
			);
			path = Observer;
			sourceTree = "<group>";
		};
		9D477ED124D4369B0063870B /* Views */ = {
			isa = PBXGroup;
			children = (
				9D477ED224D436A30063870B /* Bases */,
				9D477ED524D439930063870B /* MainViewController.swift */,
				9D477EE124D487C40063870B /* AirportsViewController */,
				9D477EE424D488030063870B /* FindFlightsViewController.swift */,
				9D4CF6CF24D8EBBE00BB0F01 /* AvailableFlightsViewController */,
				9D477EEC24D4C9C30063870B /* AirportListViewController */,
			);
			path = Views;
			sourceTree = "<group>";
		};
		9D477ED224D436A30063870B /* Bases */ = {
			isa = PBXGroup;
			children = (
				9D5E2A6824DA440300CEC5CF /* Container */,
				9D477ED324D436B20063870B /* BaseViewController.swift */,
				9D477EEA24D48C170063870B /* BaseTabBarController.swift */,
				9D4CF6CD24D8856A00BB0F01 /* FormBaseViewController.swift */,
			);
			path = Bases;
			sourceTree = "<group>";
		};
		9D477EE124D487C40063870B /* AirportsViewController */ = {
			isa = PBXGroup;
			children = (
				9D6B0C9924D6E23200127669 /* AirportTableData */,
				9D477EE224D487E00063870B /* AirportsViewController.swift */,
			);
			path = AirportsViewController;
			sourceTree = "<group>";
		};
		9D477EEC24D4C9C30063870B /* AirportListViewController */ = {
			isa = PBXGroup;
			children = (
				9D5E2A6224DA24B000CEC5CF /* AirportListTableData */,
				9D477EED24D4C9F30063870B /* AirportListViewController.swift */,
			);
			path = AirportListViewController;
			sourceTree = "<group>";
		};
		9D477EF124D4D6940063870B /* CustomViews */ = {
			isa = PBXGroup;
			children = (
				9D45F47F24DCBC1C00B47DE5 /* Dialogs */,
				9D477EF224D4D6A70063870B /* BottomModals */,
				9DC0DE2224D5D8DA00BFBA55 /* CustomViews.swift */,
			);
			path = CustomViews;
			sourceTree = "<group>";
		};
		9D477EF224D4D6A70063870B /* BottomModals */ = {
			isa = PBXGroup;
			children = (
				9D477EF324D4D6FD0063870B /* DatePickerModalView.swift */,
				9D477EF524D4E0F80063870B /* PassengersModalView.swift */,
			);
			path = BottomModals;
			sourceTree = "<group>";
		};
		9D477EF924D4E3B30063870B /* WebServices */ = {
			isa = PBXGroup;
			children = (
				9D477EFA24D4E4080063870B /* AirportWebService.swift */,
				9DDBF0B324DC0BC400CA6E8E /* FindFlightsWebService.swift */,
			);
			path = WebServices;
			sourceTree = "<group>";
		};
		9D477EFE24D4E4EA0063870B /* Models */ = {
			isa = PBXGroup;
			children = (
				9D228BF424D59EDA00FF4A28 /* DataStructures */,
				9D477EFF24D4E4F80063870B /* Objects */,
			);
			path = Models;
			sourceTree = "<group>";
		};
		9D477EFF24D4E4F80063870B /* Objects */ = {
			isa = PBXGroup;
			children = (
				9D477F0024D4E5100063870B /* AirportObject.swift */,
				9D228BF924D5A12A00FF4A28 /* MarketObject.swift */,
				9D4CF6D024D9EDC500BB0F01 /* AirportSearchObject.swift */,
				9D5E2A5A24D9F1E600CEC5CF /* FindFlightsObject.swift */,
				9D5E2A5C24D9F28F00CEC5CF /* PassengersObject.swift */,
				9DDBF0B524DC0EC300CA6E8E /* FlightsObject.swift */,
			);
			path = Objects;
			sourceTree = "<group>";
		};
		9D477F0224D4E8750063870B /* WebServices */ = {
			isa = PBXGroup;
			children = (
				9D477F0324D4E8A80063870B /* AirportWebServiceImp.swift */,
				9DDBF0B724DC117F00CA6E8E /* FindFlightsWebServiceImp.swift */,
			);
			path = WebServices;
			sourceTree = "<group>";
		};
		9D477F0D24D519910063870B /* AppSetup */ = {
			isa = PBXGroup;
			children = (
				9D477E8D24D3521B0063870B /* AppDelegate.swift */,
				9D477E8F24D3521B0063870B /* SceneDelegate.swift */,
				9D477EB224D41EFE0063870B /* AppConfiguration.swift */,
			);
			path = AppSetup;
			sourceTree = "<group>";
		};
		9D477F0E24D519C90063870B /* Assets */ = {
			isa = PBXGroup;
			children = (
				9D477E9924D3521D0063870B /* Assets.xcassets */,
				9D477E9B24D3521D0063870B /* LaunchScreen.storyboard */,
			);
			path = Assets;
			sourceTree = "<group>";
		};
		9D4CF6CF24D8EBBE00BB0F01 /* AvailableFlightsViewController */ = {
			isa = PBXGroup;
			children = (
				9D86447824DC1E3300D7D307 /* AvailableFlightsTableData */,
				9D477ED724D4420B0063870B /* AvailableFlightsViewController.swift */,
			);
			path = AvailableFlightsViewController;
			sourceTree = "<group>";
		};
		9D5E2A6224DA24B000CEC5CF /* AirportListTableData */ = {
			isa = PBXGroup;
			children = (
				9D5E2A6324DA253C00CEC5CF /* Cells */,
				9D5E2A6624DA273E00CEC5CF /* AirportListDataSource.swift */,
			);
			path = AirportListTableData;
			sourceTree = "<group>";
		};
		9D5E2A6324DA253C00CEC5CF /* Cells */ = {
			isa = PBXGroup;
			children = (
				9D5E2A6424DA255800CEC5CF /* AirportListCell.swift */,
			);
			path = Cells;
			sourceTree = "<group>";
		};
		9D5E2A6824DA440300CEC5CF /* Container */ = {
			isa = PBXGroup;
			children = (
				9D477E9124D3521B0063870B /* ContainerViewController.swift */,
			);
			path = Container;
			sourceTree = "<group>";
		};
		9D6B0C9924D6E23200127669 /* AirportTableData */ = {
			isa = PBXGroup;
			children = (
				9D228C0124D5B01F00FF4A28 /* Cells */,
				9D6B0C9A24D6E24500127669 /* AirportDataSource.swift */,
			);
			path = AirportTableData;
			sourceTree = "<group>";
		};
		9D86447824DC1E3300D7D307 /* AvailableFlightsTableData */ = {
			isa = PBXGroup;
			children = (
				9D86447924DC1E4400D7D307 /* Cells */,
				9D86447C24DC1E7100D7D307 /* AvailableFlightsDataSource.swift */,
			);
			path = AvailableFlightsTableData;
			sourceTree = "<group>";
		};
		9D86447924DC1E4400D7D307 /* Cells */ = {
			isa = PBXGroup;
			children = (
				9D86447A24DC1E6000D7D307 /* AvailableFlightsCell.swift */,
			);
			path = Cells;
			sourceTree = "<group>";
		};
		BFBA4E1F804BCB8162A72607 /* Frameworks */ = {
			isa = PBXGroup;
			children = (
				14FE6E08AE9BCD875419BE2A /* Pods_FlightApp.framework */,
				3CA01FFDC8ABACABF52273F6 /* Pods_FlightAppTests.framework */,
			);
			name = Frameworks;
			sourceTree = "<group>";
		};
/* End PBXGroup section */

/* Begin PBXNativeTarget section */
		9D477E8924D3521B0063870B /* FlightApp */ = {
			isa = PBXNativeTarget;
			buildConfigurationList = 9D477EAC24D3521D0063870B /* Build configuration list for PBXNativeTarget "FlightApp" */;
			buildPhases = (
				1B077FABAEC5BBEBD1EBE32B /* [CP] Check Pods Manifest.lock */,
				9D477E8624D3521B0063870B /* Sources */,
				9D477E8724D3521B0063870B /* Frameworks */,
				9D477E8824D3521B0063870B /* Resources */,
				D4D2A28550C02D47DE499A57 /* [CP] Embed Pods Frameworks */,
			);
			buildRules = (
			);
			dependencies = (
			);
			name = FlightApp;
			productName = FlightApp;
			productReference = 9D477E8A24D3521B0063870B /* FlightApp.app */;
			productType = "com.apple.product-type.application";
		};
		9D477EA224D3521D0063870B /* FlightAppTests */ = {
			isa = PBXNativeTarget;
			buildConfigurationList = 9D477EAF24D3521D0063870B /* Build configuration list for PBXNativeTarget "FlightAppTests" */;
			buildPhases = (
				ADE9A30DBBDA32FC7C8CBF6C /* [CP] Check Pods Manifest.lock */,
				9D477E9F24D3521D0063870B /* Sources */,
				9D477EA024D3521D0063870B /* Frameworks */,
				9D477EA124D3521D0063870B /* Resources */,
			);
			buildRules = (
			);
			dependencies = (
				9D477EA524D3521D0063870B /* PBXTargetDependency */,
			);
			name = FlightAppTests;
			productName = FlightAppTests;
			productReference = 9D477EA324D3521D0063870B /* FlightAppTests.xctest */;
			productType = "com.apple.product-type.bundle.unit-test";
		};
/* End PBXNativeTarget section */

/* Begin PBXProject section */
		9D477E8224D3521B0063870B /* Project object */ = {
			isa = PBXProject;
			attributes = {
				LastSwiftUpdateCheck = 1160;
				LastUpgradeCheck = 1160;
				ORGANIZATIONNAME = "João Palma";
				TargetAttributes = {
					9D477E8924D3521B0063870B = {
						CreatedOnToolsVersion = 11.6;
					};
					9D477EA224D3521D0063870B = {
						CreatedOnToolsVersion = 11.6;
						TestTargetID = 9D477E8924D3521B0063870B;
					};
				};
			};
			buildConfigurationList = 9D477E8524D3521B0063870B /* Build configuration list for PBXProject "FlightApp" */;
			compatibilityVersion = "Xcode 9.3";
			developmentRegion = en;
			hasScannedForEncodings = 0;
			knownRegions = (
				en,
				Base,
			);
			mainGroup = 9D477E8124D3521B0063870B;
			productRefGroup = 9D477E8B24D3521B0063870B /* Products */;
			projectDirPath = "";
			projectRoot = "";
			targets = (
				9D477E8924D3521B0063870B /* FlightApp */,
				9D477EA224D3521D0063870B /* FlightAppTests */,
			);
		};
/* End PBXProject section */

/* Begin PBXResourcesBuildPhase section */
		9D477E8824D3521B0063870B /* Resources */ = {
			isa = PBXResourcesBuildPhase;
			buildActionMask = 2147483647;
			files = (
				9D228BEC24D5985800FF4A28 /* en.json in Resources */,
				9D477E9D24D3521D0063870B /* LaunchScreen.storyboard in Resources */,
				9D477E9A24D3521D0063870B /* Assets.xcassets in Resources */,
				9D228BEE24D5987200FF4A28 /* pt.json in Resources */,
			);
			runOnlyForDeploymentPostprocessing = 0;
		};
		9D477EA124D3521D0063870B /* Resources */ = {
			isa = PBXResourcesBuildPhase;
			buildActionMask = 2147483647;
			files = (
			);
			runOnlyForDeploymentPostprocessing = 0;
		};
/* End PBXResourcesBuildPhase section */

/* Begin PBXShellScriptBuildPhase section */
		1B077FABAEC5BBEBD1EBE32B /* [CP] Check Pods Manifest.lock */ = {
			isa = PBXShellScriptBuildPhase;
			buildActionMask = 2147483647;
			files = (
			);
			inputFileListPaths = (
			);
			inputPaths = (
				"${PODS_PODFILE_DIR_PATH}/Podfile.lock",
				"${PODS_ROOT}/Manifest.lock",
			);
			name = "[CP] Check Pods Manifest.lock";
			outputFileListPaths = (
			);
			outputPaths = (
				"$(DERIVED_FILE_DIR)/Pods-FlightApp-checkManifestLockResult.txt",
			);
			runOnlyForDeploymentPostprocessing = 0;
			shellPath = /bin/sh;
			shellScript = "diff \"${PODS_PODFILE_DIR_PATH}/Podfile.lock\" \"${PODS_ROOT}/Manifest.lock\" > /dev/null\nif [ $? != 0 ] ; then\n    # print error to STDERR\n    echo \"error: The sandbox is not in sync with the Podfile.lock. Run 'pod install' or update your CocoaPods installation.\" >&2\n    exit 1\nfi\n# This output is used by Xcode 'outputs' to avoid re-running this script phase.\necho \"SUCCESS\" > \"${SCRIPT_OUTPUT_FILE_0}\"\n";
			showEnvVarsInLog = 0;
		};
		ADE9A30DBBDA32FC7C8CBF6C /* [CP] Check Pods Manifest.lock */ = {
			isa = PBXShellScriptBuildPhase;
			buildActionMask = 2147483647;
			files = (
			);
			inputFileListPaths = (
			);
			inputPaths = (
				"${PODS_PODFILE_DIR_PATH}/Podfile.lock",
				"${PODS_ROOT}/Manifest.lock",
			);
			name = "[CP] Check Pods Manifest.lock";
			outputFileListPaths = (
			);
			outputPaths = (
				"$(DERIVED_FILE_DIR)/Pods-FlightAppTests-checkManifestLockResult.txt",
			);
			runOnlyForDeploymentPostprocessing = 0;
			shellPath = /bin/sh;
			shellScript = "diff \"${PODS_PODFILE_DIR_PATH}/Podfile.lock\" \"${PODS_ROOT}/Manifest.lock\" > /dev/null\nif [ $? != 0 ] ; then\n    # print error to STDERR\n    echo \"error: The sandbox is not in sync with the Podfile.lock. Run 'pod install' or update your CocoaPods installation.\" >&2\n    exit 1\nfi\n# This output is used by Xcode 'outputs' to avoid re-running this script phase.\necho \"SUCCESS\" > \"${SCRIPT_OUTPUT_FILE_0}\"\n";
			showEnvVarsInLog = 0;
		};
		D4D2A28550C02D47DE499A57 /* [CP] Embed Pods Frameworks */ = {
			isa = PBXShellScriptBuildPhase;
			buildActionMask = 2147483647;
			files = (
			);
			inputFileListPaths = (
				"${PODS_ROOT}/Target Support Files/Pods-FlightApp/Pods-FlightApp-frameworks-${CONFIGURATION}-input-files.xcfilelist",
			);
			name = "[CP] Embed Pods Frameworks";
			outputFileListPaths = (
				"${PODS_ROOT}/Target Support Files/Pods-FlightApp/Pods-FlightApp-frameworks-${CONFIGURATION}-output-files.xcfilelist",
			);
			runOnlyForDeploymentPostprocessing = 0;
			shellPath = /bin/sh;
			shellScript = "\"${PODS_ROOT}/Target Support Files/Pods-FlightApp/Pods-FlightApp-frameworks.sh\"\n";
			showEnvVarsInLog = 0;
		};
/* End PBXShellScriptBuildPhase section */

/* Begin PBXSourcesBuildPhase section */
		9D477E8624D3521B0063870B /* Sources */ = {
			isa = PBXSourcesBuildPhase;
			buildActionMask = 2147483647;
			files = (
				9D5E2A5B24D9F1E600CEC5CF /* FindFlightsObject.swift in Sources */,
				9D228BF624D59EF400FF4A28 /* Airport.swift in Sources */,
				9D477EC924D430310063870B /* ViewModelBase.swift in Sources */,
				9D477E9224D3521B0063870B /* ContainerViewController.swift in Sources */,
				9D477EC024D42D1A0063870B /* NavigationService.swift in Sources */,
				9D45F47E24DCBB9D00B47DE5 /* DialogServiceImp.swift in Sources */,
				9D477EF624D4E0F80063870B /* PassengersModalView.swift in Sources */,
				9D477EB324D41EFE0063870B /* AppConfiguration.swift in Sources */,
				9D477ECE24D4310F0063870B /* DynamicValue.swift in Sources */,
				9D5E2A6724DA273E00CEC5CF /* AirportListDataSource.swift in Sources */,
				9D477F0C24D50C2E0063870B /* AppData.swift in Sources */,
				9D228BFA24D5A12A00FF4A28 /* MarketObject.swift in Sources */,
				9D477ED424D436B20063870B /* BaseViewController.swift in Sources */,
				9D477ED824D4420B0063870B /* AvailableFlightsViewController.swift in Sources */,
				9D477EFB24D4E4080063870B /* AirportWebService.swift in Sources */,
				9D477EEB24D48C170063870B /* BaseTabBarController.swift in Sources */,
				9D45F47C24DCBACA00B47DE5 /* DialogService.swift in Sources */,
				9D477F0424D4E8A80063870B /* AirportWebServiceImp.swift in Sources */,
				9D5E2A5F24D9F41600CEC5CF /* FindFlight.swift in Sources */,
				9D477ED624D439930063870B /* MainViewController.swift in Sources */,
				9D86447D24DC1E7100D7D307 /* AvailableFlightsDataSource.swift in Sources */,
				9D477EC424D42DD40063870B /* NavigationServiceImp.swift in Sources */,
				9D228BD724D57C6D00FF4A28 /* ReportService.swift in Sources */,
				9D228C0324D5B03200FF4A28 /* AirportCell.swift in Sources */,
				9D477EDA24D442310063870B /* AvailableFlightsViewModel.swift in Sources */,
				9D228BE824D595D400FF4A28 /* Command{T}.swift in Sources */,
				9D477ED024D4352F0063870B /* MainViewModel.swift in Sources */,
				9D5E2A5D24D9F28F00CEC5CF /* PassengersObject.swift in Sources */,
				9DDBF0B624DC0EC300CA6E8E /* FlightsObject.swift in Sources */,
				9D228BE324D58BFD00FF4A28 /* Command.swift in Sources */,
				9D477EB924D424C00063870B /* Core.swift in Sources */,
				9D477F0124D4E5100063870B /* AirportObject.swift in Sources */,
				9D45F48124DCBC2F00B47DE5 /* InfoDialogView.swift in Sources */,
				9D228BDE24D589B500FF4A28 /* Constants.swift in Sources */,
				9D228BD924D57C7800FF4A28 /* ReportServiceImp.swift in Sources */,
				9D86447B24DC1E6000D7D307 /* AvailableFlightsCell.swift in Sources */,
				9D228BF124D59C5600FF4A28 /* L10N.swift in Sources */,
				9D477EE724D488500063870B /* FindFlightsViewModel.swift in Sources */,
				9D477F0624D4EB440063870B /* WebServiceImp.swift in Sources */,
				9D228BDC24D5896A00FF4A28 /* Generics.swift in Sources */,
				9DDBF0B824DC117F00CA6E8E /* FindFlightsWebServiceImp.swift in Sources */,
				9D477EE924D488610063870B /* AirportsViewModel.swift in Sources */,
				9DC2B8B824DC383600A2EC8E /* FlightDetail.swift in Sources */,
				9D477EBD24D4271B0063870B /* DiContainer.swift in Sources */,
				9D477F0A24D50BBD0063870B /* Enums.swift in Sources */,
				9D477EE324D487E00063870B /* AirportsViewController.swift in Sources */,
				9D477E8E24D3521B0063870B /* AppDelegate.swift in Sources */,
				9D228BF324D59C9400FF4A28 /* Literal.swift in Sources */,
				9D228BF824D5A11C00FF4A28 /* Market.swift in Sources */,
				9D6B0C9B24D6E24500127669 /* AirportDataSource.swift in Sources */,
				9D477EB624D4203C0063870B /* CustomUIExtensions.swift in Sources */,
				9DDBF0B424DC0BC400CA6E8E /* FindFlightsWebService.swift in Sources */,
				9D5E2A6524DA255800CEC5CF /* AirportListCell.swift in Sources */,
				9D477ECB24D430630063870B /* ViewModel.swift in Sources */,
				9D477EF024D4CA2A0063870B /* AirportListViewModel.swift in Sources */,
				9D477EF824D4E3300063870B /* WebService.swift in Sources */,
				9D477EF424D4D6FD0063870B /* DatePickerModalView.swift in Sources */,
				9D228BE024D58B8E00FF4A28 /* Extensions.swift in Sources */,
				9D4CF6D124D9EDC500BB0F01 /* AirportSearchObject.swift in Sources */,
				9D45F48324DCBCBF00B47DE5 /* Animations.swift in Sources */,
				9DC2B8B624DC338700A2EC8E /* Flights.swift in Sources */,
				9DC0DE2324D5D8DA00BFBA55 /* CustomViews.swift in Sources */,
				9D477EEE24D4C9F30063870B /* AirportListViewController.swift in Sources */,
				9D477EE524D488030063870B /* FindFlightsViewController.swift in Sources */,
				9D477EDC24D468D40063870B /* Utils.swift in Sources */,
				9D477E9024D3521B0063870B /* SceneDelegate.swift in Sources */,
				9D4CF6CE24D8856A00BB0F01 /* FormBaseViewController.swift in Sources */,
			);
			runOnlyForDeploymentPostprocessing = 0;
		};
		9D477E9F24D3521D0063870B /* Sources */ = {
			isa = PBXSourcesBuildPhase;
			buildActionMask = 2147483647;
			files = (
				9D477EA824D3521D0063870B /* FlightAppTests.swift in Sources */,
			);
			runOnlyForDeploymentPostprocessing = 0;
		};
/* End PBXSourcesBuildPhase section */

/* Begin PBXTargetDependency section */
		9D477EA524D3521D0063870B /* PBXTargetDependency */ = {
			isa = PBXTargetDependency;
			target = 9D477E8924D3521B0063870B /* FlightApp */;
			targetProxy = 9D477EA424D3521D0063870B /* PBXContainerItemProxy */;
		};
/* End PBXTargetDependency section */

/* Begin PBXVariantGroup section */
		9D477E9B24D3521D0063870B /* LaunchScreen.storyboard */ = {
			isa = PBXVariantGroup;
			children = (
				9D477E9C24D3521D0063870B /* Base */,
			);
			name = LaunchScreen.storyboard;
			sourceTree = "<group>";
		};
/* End PBXVariantGroup section */

/* Begin XCBuildConfiguration section */
		9D477EAA24D3521D0063870B /* Debug */ = {
			isa = XCBuildConfiguration;
			buildSettings = {
				ALWAYS_SEARCH_USER_PATHS = NO;
				CLANG_ANALYZER_NONNULL = YES;
				CLANG_ANALYZER_NUMBER_OBJECT_CONVERSION = YES_AGGRESSIVE;
				CLANG_CXX_LANGUAGE_STANDARD = "gnu++14";
				CLANG_CXX_LIBRARY = "libc++";
				CLANG_ENABLE_MODULES = YES;
				CLANG_ENABLE_OBJC_ARC = YES;
				CLANG_ENABLE_OBJC_WEAK = YES;
				CLANG_WARN_BLOCK_CAPTURE_AUTORELEASING = YES;
				CLANG_WARN_BOOL_CONVERSION = YES;
				CLANG_WARN_COMMA = YES;
				CLANG_WARN_CONSTANT_CONVERSION = YES;
				CLANG_WARN_DEPRECATED_OBJC_IMPLEMENTATIONS = YES;
				CLANG_WARN_DIRECT_OBJC_ISA_USAGE = YES_ERROR;
				CLANG_WARN_DOCUMENTATION_COMMENTS = YES;
				CLANG_WARN_EMPTY_BODY = YES;
				CLANG_WARN_ENUM_CONVERSION = YES;
				CLANG_WARN_INFINITE_RECURSION = YES;
				CLANG_WARN_INT_CONVERSION = YES;
				CLANG_WARN_NON_LITERAL_NULL_CONVERSION = YES;
				CLANG_WARN_OBJC_IMPLICIT_RETAIN_SELF = YES;
				CLANG_WARN_OBJC_LITERAL_CONVERSION = YES;
				CLANG_WARN_OBJC_ROOT_CLASS = YES_ERROR;
				CLANG_WARN_RANGE_LOOP_ANALYSIS = YES;
				CLANG_WARN_STRICT_PROTOTYPES = YES;
				CLANG_WARN_SUSPICIOUS_MOVE = YES;
				CLANG_WARN_UNGUARDED_AVAILABILITY = YES_AGGRESSIVE;
				CLANG_WARN_UNREACHABLE_CODE = YES;
				CLANG_WARN__DUPLICATE_METHOD_MATCH = YES;
				COPY_PHASE_STRIP = NO;
				DEBUG_INFORMATION_FORMAT = dwarf;
				ENABLE_STRICT_OBJC_MSGSEND = YES;
				ENABLE_TESTABILITY = YES;
				GCC_C_LANGUAGE_STANDARD = gnu11;
				GCC_DYNAMIC_NO_PIC = NO;
				GCC_NO_COMMON_BLOCKS = YES;
				GCC_OPTIMIZATION_LEVEL = 0;
				GCC_PREPROCESSOR_DEFINITIONS = (
					"DEBUG=1",
					"$(inherited)",
				);
				GCC_WARN_64_TO_32_BIT_CONVERSION = YES;
				GCC_WARN_ABOUT_RETURN_TYPE = YES_ERROR;
				GCC_WARN_UNDECLARED_SELECTOR = YES;
				GCC_WARN_UNINITIALIZED_AUTOS = YES_AGGRESSIVE;
				GCC_WARN_UNUSED_FUNCTION = YES;
				GCC_WARN_UNUSED_VARIABLE = YES;
				IPHONEOS_DEPLOYMENT_TARGET = 13.0;
				MTL_ENABLE_DEBUG_INFO = INCLUDE_SOURCE;
				MTL_FAST_MATH = YES;
				ONLY_ACTIVE_ARCH = YES;
				SDKROOT = iphoneos;
				SWIFT_ACTIVE_COMPILATION_CONDITIONS = DEBUG;
				SWIFT_OPTIMIZATION_LEVEL = "-Onone";
			};
			name = Debug;
		};
		9D477EAB24D3521D0063870B /* Release */ = {
			isa = XCBuildConfiguration;
			buildSettings = {
				ALWAYS_SEARCH_USER_PATHS = NO;
				CLANG_ANALYZER_NONNULL = YES;
				CLANG_ANALYZER_NUMBER_OBJECT_CONVERSION = YES_AGGRESSIVE;
				CLANG_CXX_LANGUAGE_STANDARD = "gnu++14";
				CLANG_CXX_LIBRARY = "libc++";
				CLANG_ENABLE_MODULES = YES;
				CLANG_ENABLE_OBJC_ARC = YES;
				CLANG_ENABLE_OBJC_WEAK = YES;
				CLANG_WARN_BLOCK_CAPTURE_AUTORELEASING = YES;
				CLANG_WARN_BOOL_CONVERSION = YES;
				CLANG_WARN_COMMA = YES;
				CLANG_WARN_CONSTANT_CONVERSION = YES;
				CLANG_WARN_DEPRECATED_OBJC_IMPLEMENTATIONS = YES;
				CLANG_WARN_DIRECT_OBJC_ISA_USAGE = YES_ERROR;
				CLANG_WARN_DOCUMENTATION_COMMENTS = YES;
				CLANG_WARN_EMPTY_BODY = YES;
				CLANG_WARN_ENUM_CONVERSION = YES;
				CLANG_WARN_INFINITE_RECURSION = YES;
				CLANG_WARN_INT_CONVERSION = YES;
				CLANG_WARN_NON_LITERAL_NULL_CONVERSION = YES;
				CLANG_WARN_OBJC_IMPLICIT_RETAIN_SELF = YES;
				CLANG_WARN_OBJC_LITERAL_CONVERSION = YES;
				CLANG_WARN_OBJC_ROOT_CLASS = YES_ERROR;
				CLANG_WARN_RANGE_LOOP_ANALYSIS = YES;
				CLANG_WARN_STRICT_PROTOTYPES = YES;
				CLANG_WARN_SUSPICIOUS_MOVE = YES;
				CLANG_WARN_UNGUARDED_AVAILABILITY = YES_AGGRESSIVE;
				CLANG_WARN_UNREACHABLE_CODE = YES;
				CLANG_WARN__DUPLICATE_METHOD_MATCH = YES;
				COPY_PHASE_STRIP = NO;
				DEBUG_INFORMATION_FORMAT = "dwarf-with-dsym";
				ENABLE_NS_ASSERTIONS = NO;
				ENABLE_STRICT_OBJC_MSGSEND = YES;
				GCC_C_LANGUAGE_STANDARD = gnu11;
				GCC_NO_COMMON_BLOCKS = YES;
				GCC_WARN_64_TO_32_BIT_CONVERSION = YES;
				GCC_WARN_ABOUT_RETURN_TYPE = YES_ERROR;
				GCC_WARN_UNDECLARED_SELECTOR = YES;
				GCC_WARN_UNINITIALIZED_AUTOS = YES_AGGRESSIVE;
				GCC_WARN_UNUSED_FUNCTION = YES;
				GCC_WARN_UNUSED_VARIABLE = YES;
				IPHONEOS_DEPLOYMENT_TARGET = 13.0;
				MTL_ENABLE_DEBUG_INFO = NO;
				MTL_FAST_MATH = YES;
				SDKROOT = iphoneos;
				SWIFT_COMPILATION_MODE = wholemodule;
				SWIFT_OPTIMIZATION_LEVEL = "-O";
				VALIDATE_PRODUCT = YES;
			};
			name = Release;
		};
		9D477EAD24D3521D0063870B /* Debug */ = {
			isa = XCBuildConfiguration;
			baseConfigurationReference = 797F640678A756993E245A4D /* Pods-FlightApp.debug.xcconfig */;
			buildSettings = {
				ASSETCATALOG_COMPILER_APPICON_NAME = AppIcon;
				CODE_SIGN_STYLE = Automatic;
				CURRENT_PROJECT_VERSION = 100;
				DEVELOPMENT_TEAM = KXBSZ8YGW5;
				INFOPLIST_FILE = FlightApp/Info.plist;
				LD_RUNPATH_SEARCH_PATHS = (
					"$(inherited)",
					"@executable_path/Frameworks",
				);
				MARKETING_VERSION = 1;
				PRODUCT_BUNDLE_IDENTIFIER = com.joaopalma.FlightApp;
				PRODUCT_NAME = "$(TARGET_NAME)";
				SWIFT_VERSION = 5.0;
				TARGETED_DEVICE_FAMILY = "1,2";
			};
			name = Debug;
		};
		9D477EAE24D3521D0063870B /* Release */ = {
			isa = XCBuildConfiguration;
			baseConfigurationReference = 4C355197E3D665747D739C62 /* Pods-FlightApp.release.xcconfig */;
			buildSettings = {
				ASSETCATALOG_COMPILER_APPICON_NAME = AppIcon;
				CODE_SIGN_STYLE = Automatic;
				CURRENT_PROJECT_VERSION = 100;
				DEVELOPMENT_TEAM = KXBSZ8YGW5;
				INFOPLIST_FILE = FlightApp/Info.plist;
				LD_RUNPATH_SEARCH_PATHS = (
					"$(inherited)",
					"@executable_path/Frameworks",
				);
				MARKETING_VERSION = 1;
				PRODUCT_BUNDLE_IDENTIFIER = com.joaopalma.FlightApp;
				PRODUCT_NAME = "$(TARGET_NAME)";
				SWIFT_VERSION = 5.0;
				TARGETED_DEVICE_FAMILY = "1,2";
			};
			name = Release;
		};
		9D477EB024D3521D0063870B /* Debug */ = {
			isa = XCBuildConfiguration;
			baseConfigurationReference = E6F07099BD79910953DD1988 /* Pods-FlightAppTests.debug.xcconfig */;
			buildSettings = {
				ALWAYS_EMBED_SWIFT_STANDARD_LIBRARIES = YES;
				BUNDLE_LOADER = "$(TEST_HOST)";
				CODE_SIGN_STYLE = Automatic;
				DEVELOPMENT_TEAM = KXBSZ8YGW5;
				INFOPLIST_FILE = FlightAppTests/Info.plist;
				IPHONEOS_DEPLOYMENT_TARGET = 13.6;
				LD_RUNPATH_SEARCH_PATHS = (
					"$(inherited)",
					"@executable_path/Frameworks",
					"@loader_path/Frameworks",
				);
				PRODUCT_BUNDLE_IDENTIFIER = com.joaopalma.FlightAppTests;
				PRODUCT_NAME = "$(TARGET_NAME)";
				SWIFT_VERSION = 5.0;
				TARGETED_DEVICE_FAMILY = "1,2";
				TEST_HOST = "$(BUILT_PRODUCTS_DIR)/FlightApp.app/FlightApp";
			};
			name = Debug;
		};
		9D477EB124D3521D0063870B /* Release */ = {
			isa = XCBuildConfiguration;
			baseConfigurationReference = 7363590CD8D0CA3A918EBB60 /* Pods-FlightAppTests.release.xcconfig */;
			buildSettings = {
				ALWAYS_EMBED_SWIFT_STANDARD_LIBRARIES = YES;
				BUNDLE_LOADER = "$(TEST_HOST)";
				CODE_SIGN_STYLE = Automatic;
				DEVELOPMENT_TEAM = KXBSZ8YGW5;
				INFOPLIST_FILE = FlightAppTests/Info.plist;
				IPHONEOS_DEPLOYMENT_TARGET = 13.6;
				LD_RUNPATH_SEARCH_PATHS = (
					"$(inherited)",
					"@executable_path/Frameworks",
					"@loader_path/Frameworks",
				);
				PRODUCT_BUNDLE_IDENTIFIER = com.joaopalma.FlightAppTests;
				PRODUCT_NAME = "$(TARGET_NAME)";
				SWIFT_VERSION = 5.0;
				TARGETED_DEVICE_FAMILY = "1,2";
				TEST_HOST = "$(BUILT_PRODUCTS_DIR)/FlightApp.app/FlightApp";
			};
			name = Release;
		};
/* End XCBuildConfiguration section */

/* Begin XCConfigurationList section */
		9D477E8524D3521B0063870B /* Build configuration list for PBXProject "FlightApp" */ = {
			isa = XCConfigurationList;
			buildConfigurations = (
				9D477EAA24D3521D0063870B /* Debug */,
				9D477EAB24D3521D0063870B /* Release */,
			);
			defaultConfigurationIsVisible = 0;
			defaultConfigurationName = Release;
		};
		9D477EAC24D3521D0063870B /* Build configuration list for PBXNativeTarget "FlightApp" */ = {
			isa = XCConfigurationList;
			buildConfigurations = (
				9D477EAD24D3521D0063870B /* Debug */,
				9D477EAE24D3521D0063870B /* Release */,
			);
			defaultConfigurationIsVisible = 0;
			defaultConfigurationName = Release;
		};
		9D477EAF24D3521D0063870B /* Build configuration list for PBXNativeTarget "FlightAppTests" */ = {
			isa = XCConfigurationList;
			buildConfigurations = (
				9D477EB024D3521D0063870B /* Debug */,
				9D477EB124D3521D0063870B /* Release */,
			);
			defaultConfigurationIsVisible = 0;
			defaultConfigurationName = Release;
		};
/* End XCConfigurationList section */
	};
	rootObject = 9D477E8224D3521B0063870B /* Project object */;
}
